
Microsoft Visual Studio Solution File, Format Version 12.00
# Visual Studio Version 17
VisualStudioVersion = 17.2.32210.308
MinimumVisualStudioVersion = 10.0.40219.1
Project("{9A19103F-16F7-4668-BE54-9A1E7A4F7556}") = "ObsidianToMarkdown", "ObsidianToMarkdown.csproj", "{C23C0DF5-A985-4205-A96B-5B83CB5D33D8}"
EndProject
Global
	GlobalSection(SolutionConfigurationPlatforms) = preSolution
		Debug|Any CPU = Debug|Any CPU
		Debug|x64 = Debug|x64
		Release|Any CPU = Release|Any CPU
		Release|x64 = Release|x64
	EndGlobalSection
	GlobalSection(ProjectConfigurationPlatforms) = postSolution
		{C23C0DF5-A985-4205-A96B-5B83CB5D33D8}.Debug|Any CPU.ActiveCfg = Debug|Any CPU
		{C23C0DF5-A985-4205-A96B-5B83CB5D33D8}.Debug|Any CPU.Build.0 = Debug|Any CPU
		{C23C0DF5-A985-4205-A96B-5B83CB5D33D8}.Debug|x64.ActiveCfg = Debug|x64
		{C23C0DF5-A985-4205-A96B-5B83CB5D33D8}.Debug|x64.Build.0 = Debug|x64
		{C23C0DF5-A985-4205-A96B-5B83CB5D33D8}.Release|Any CPU.ActiveCfg = Release|Any CPU
		{C23C0DF5-A985-4205-A96B-5B83CB5D33D8}.Release|Any CPU.Build.0 = Release|Any CPU
		{C23C0DF5-A985-4205-A96B-5B83CB5D33D8}.Release|x64.ActiveCfg = Release|x64
		{C23C0DF5-A985-4205-A96B-5B83CB5D33D8}.Release|x64.Build.0 = Release|x64
	EndGlobalSection
	GlobalSection(SolutionProperties) = preSolution
		HideSolutionNode = FALSE
	EndGlobalSection
	GlobalSection(ExtensibilityGlobals) = postSolution
		SolutionGuid = {3EDE7340-EFD0-4813-BACC-8928A1A1AD11}
	EndGlobalSection
EndGlobal
